// !$*UTF8*$!
{
	archiveVersion = 1;
	classes = {
	};
	objectVersion = 56;
	objects = {

/* Begin PBXBuildFile section */
		5A5BBE7E2B7C30CB002A9A69 /* Location+CoreDataClass.swift in Sources */ = {isa = PBXBuildFile; fileRef = 5A5BBE7C2B7C30CB002A9A69 /* Location+CoreDataClass.swift */; };
		5A5BBE7F2B7C30CB002A9A69 /* Location+CoreDataProperties.swift in Sources */ = {isa = PBXBuildFile; fileRef = 5A5BBE7D2B7C30CB002A9A69 /* Location+CoreDataProperties.swift */; };
		5A97802D2B72E55600DEB5E9 /* AppDelegate.swift in Sources */ = {isa = PBXBuildFile; fileRef = 5A97802C2B72E55600DEB5E9 /* AppDelegate.swift */; };
		5A97802F2B72E55600DEB5E9 /* SceneDelegate.swift in Sources */ = {isa = PBXBuildFile; fileRef = 5A97802E2B72E55600DEB5E9 /* SceneDelegate.swift */; };
		5A9780312B72E55600DEB5E9 /* CurrentLocationViewController.swift in Sources */ = {isa = PBXBuildFile; fileRef = 5A9780302B72E55600DEB5E9 /* CurrentLocationViewController.swift */; };
		5A9780342B72E55600DEB5E9 /* Main.storyboard in Resources */ = {isa = PBXBuildFile; fileRef = 5A9780322B72E55600DEB5E9 /* Main.storyboard */; };
		5A9780372B72E55600DEB5E9 /* MyLocations.xcdatamodeld in Sources */ = {isa = PBXBuildFile; fileRef = 5A9780352B72E55600DEB5E9 /* MyLocations.xcdatamodeld */; };
		5A9780392B72E55800DEB5E9 /* Assets.xcassets in Resources */ = {isa = PBXBuildFile; fileRef = 5A9780382B72E55800DEB5E9 /* Assets.xcassets */; };
		5A97803C2B72E55800DEB5E9 /* LaunchScreen.storyboard in Resources */ = {isa = PBXBuildFile; fileRef = 5A97803A2B72E55800DEB5E9 /* LaunchScreen.storyboard */; };
		5AA72D292B7905F900EED572 /* HudView.swift in Sources */ = {isa = PBXBuildFile; fileRef = 5AA72D282B7905F900EED572 /* HudView.swift */; };
		5AA72D2B2B79162400EED572 /* Functions.swift in Sources */ = {isa = PBXBuildFile; fileRef = 5AA72D2A2B79162400EED572 /* Functions.swift */; };
		5AFCB5DA2B77C99400BDD95D /* LocationDetailsViewController.swift in Sources */ = {isa = PBXBuildFile; fileRef = 5AFCB5D92B77C99400BDD95D /* LocationDetailsViewController.swift */; };
		5AFCB5DC2B77E55C00BDD95D /* CategoryPickerViewController.swift in Sources */ = {isa = PBXBuildFile; fileRef = 5AFCB5DB2B77E55C00BDD95D /* CategoryPickerViewController.swift */; };
/* End PBXBuildFile section */

/* Begin PBXFileReference section */
		5A5BBE7C2B7C30CB002A9A69 /* Location+CoreDataClass.swift */ = {isa = PBXFileReference; lastKnownFileType = sourcecode.swift; path = "Location+CoreDataClass.swift"; sourceTree = "<group>"; };
		5A5BBE7D2B7C30CB002A9A69 /* Location+CoreDataProperties.swift */ = {isa = PBXFileReference; lastKnownFileType = sourcecode.swift; path = "Location+CoreDataProperties.swift"; sourceTree = "<group>"; };
		5A9780292B72E55600DEB5E9 /* MyLocations.app */ = {isa = PBXFileReference; explicitFileType = wrapper.application; includeInIndex = 0; path = MyLocations.app; sourceTree = BUILT_PRODUCTS_DIR; };
		5A97802C2B72E55600DEB5E9 /* AppDelegate.swift */ = {isa = PBXFileReference; lastKnownFileType = sourcecode.swift; path = AppDelegate.swift; sourceTree = "<group>"; };
		5A97802E2B72E55600DEB5E9 /* SceneDelegate.swift */ = {isa = PBXFileReference; lastKnownFileType = sourcecode.swift; path = SceneDelegate.swift; sourceTree = "<group>"; };
		5A9780302B72E55600DEB5E9 /* CurrentLocationViewController.swift */ = {isa = PBXFileReference; lastKnownFileType = sourcecode.swift; path = CurrentLocationViewController.swift; sourceTree = "<group>"; };
		5A9780332B72E55600DEB5E9 /* Base */ = {isa = PBXFileReference; lastKnownFileType = file.storyboard; name = Base; path = Base.lproj/Main.storyboard; sourceTree = "<group>"; };
		5A9780362B72E55600DEB5E9 /* MyLocations.xcdatamodel */ = {isa = PBXFileReference; lastKnownFileType = wrapper.xcdatamodel; path = MyLocations.xcdatamodel; sourceTree = "<group>"; };
		5A9780382B72E55800DEB5E9 /* Assets.xcassets */ = {isa = PBXFileReference; lastKnownFileType = folder.assetcatalog; path = Assets.xcassets; sourceTree = "<group>"; };
		5A97803B2B72E55800DEB5E9 /* Base */ = {isa = PBXFileReference; lastKnownFileType = file.storyboard; name = Base; path = Base.lproj/LaunchScreen.storyboard; sourceTree = "<group>"; };
		5A97803D2B72E55800DEB5E9 /* Info.plist */ = {isa = PBXFileReference; lastKnownFileType = text.plist.xml; path = Info.plist; sourceTree = "<group>"; };
		5AA72D282B7905F900EED572 /* HudView.swift */ = {isa = PBXFileReference; lastKnownFileType = sourcecode.swift; path = HudView.swift; sourceTree = "<group>"; };
		5AA72D2A2B79162400EED572 /* Functions.swift */ = {isa = PBXFileReference; lastKnownFileType = sourcecode.swift; path = Functions.swift; sourceTree = "<group>"; };
		5AFCB5D92B77C99400BDD95D /* LocationDetailsViewController.swift */ = {isa = PBXFileReference; lastKnownFileType = sourcecode.swift; path = LocationDetailsViewController.swift; sourceTree = "<group>"; };
		5AFCB5DB2B77E55C00BDD95D /* CategoryPickerViewController.swift */ = {isa = PBXFileReference; lastKnownFileType = sourcecode.swift; path = CategoryPickerViewController.swift; sourceTree = "<group>"; };
/* End PBXFileReference section */

/* Begin PBXFrameworksBuildPhase section */
		5A9780262B72E55600DEB5E9 /* Frameworks */ = {
			isa = PBXFrameworksBuildPhase;
			buildActionMask = 2147483647;
			files = (
			);
			runOnlyForDeploymentPostprocessing = 0;
		};
/* End PBXFrameworksBuildPhase section */

/* Begin PBXGroup section */
		5A9780202B72E55600DEB5E9 = {
			isa = PBXGroup;
			children = (
				5A97802B2B72E55600DEB5E9 /* MyLocations */,
				5A97802A2B72E55600DEB5E9 /* Products */,
			);
			sourceTree = "<group>";
		};
		5A97802A2B72E55600DEB5E9 /* Products */ = {
			isa = PBXGroup;
			children = (
				5A9780292B72E55600DEB5E9 /* MyLocations.app */,
			);
			name = Products;
			sourceTree = "<group>";
		};
		5A97802B2B72E55600DEB5E9 /* MyLocations */ = {
			isa = PBXGroup;
			children = (
				5A5BBE7C2B7C30CB002A9A69 /* Location+CoreDataClass.swift */,
				5A5BBE7D2B7C30CB002A9A69 /* Location+CoreDataProperties.swift */,
				5AA72D2A2B79162400EED572 /* Functions.swift */,
				5AA72D282B7905F900EED572 /* HudView.swift */,
				5AA72D2C2B791B7E00EED572 /* ViewControllers */,
				5A97802C2B72E55600DEB5E9 /* AppDelegate.swift */,
				5A97802E2B72E55600DEB5E9 /* SceneDelegate.swift */,
				5A9780322B72E55600DEB5E9 /* Main.storyboard */,
				5A9780382B72E55800DEB5E9 /* Assets.xcassets */,
				5A97803A2B72E55800DEB5E9 /* LaunchScreen.storyboard */,
				5A97803D2B72E55800DEB5E9 /* Info.plist */,
				5A9780352B72E55600DEB5E9 /* MyLocations.xcdatamodeld */,
			);
			path = MyLocations;
			sourceTree = "<group>";
		};
		5AA72D2C2B791B7E00EED572 /* ViewControllers */ = {
			isa = PBXGroup;
			children = (
				5A9780302B72E55600DEB5E9 /* CurrentLocationViewController.swift */,
				5AFCB5D92B77C99400BDD95D /* LocationDetailsViewController.swift */,
				5AFCB5DB2B77E55C00BDD95D /* CategoryPickerViewController.swift */,
			);
			path = ViewControllers;
			sourceTree = "<group>";
		};
/* End PBXGroup section */

/* Begin PBXNativeTarget section */
		5A9780282B72E55600DEB5E9 /* MyLocations */ = {
			isa = PBXNativeTarget;
			buildConfigurationList = 5A9780402B72E55800DEB5E9 /* Build configuration list for PBXNativeTarget "MyLocations" */;
			buildPhases = (
				5A9780252B72E55600DEB5E9 /* Sources */,
				5A9780262B72E55600DEB5E9 /* Frameworks */,
				5A9780272B72E55600DEB5E9 /* Resources */,
			);
			buildRules = (
			);
			dependencies = (
			);
			name = MyLocations;
			productName = MyLocations;
			productReference = 5A9780292B72E55600DEB5E9 /* MyLocations.app */;
			productType = "com.apple.product-type.application";
		};
/* End PBXNativeTarget section */

/* Begin PBXProject section */
		5A9780212B72E55600DEB5E9 /* Project object */ = {
			isa = PBXProject;
			attributes = {
				BuildIndependentTargetsInParallel = 1;
				LastSwiftUpdateCheck = 1520;
				LastUpgradeCheck = 1520;
				TargetAttributes = {
					5A9780282B72E55600DEB5E9 = {
						CreatedOnToolsVersion = 15.2;
					};
				};
			};
			buildConfigurationList = 5A9780242B72E55600DEB5E9 /* Build configuration list for PBXProject "MyLocations" */;
			compatibilityVersion = "Xcode 14.0";
			developmentRegion = en;
			hasScannedForEncodings = 0;
			knownRegions = (
				en,
				Base,
			);
			mainGroup = 5A9780202B72E55600DEB5E9;
			productRefGroup = 5A97802A2B72E55600DEB5E9 /* Products */;
			projectDirPath = "";
			projectRoot = "";
			targets = (
				5A9780282B72E55600DEB5E9 /* MyLocations */,
			);
		};
/* End PBXProject section */

/* Begin PBXResourcesBuildPhase section */
		5A9780272B72E55600DEB5E9 /* Resources */ = {
			isa = PBXResourcesBuildPhase;
			buildActionMask = 2147483647;
			files = (
				5A97803C2B72E55800DEB5E9 /* LaunchScreen.storyboard in Resources */,
				5A9780392B72E55800DEB5E9 /* Assets.xcassets in Resources */,
				5A9780342B72E55600DEB5E9 /* Main.storyboard in Resources */,
			);
			runOnlyForDeploymentPostprocessing = 0;
		};
/* End PBXResourcesBuildPhase section */

/* Begin PBXSourcesBuildPhase section */
		5A9780252B72E55600DEB5E9 /* Sources */ = {
			isa = PBXSourcesBuildPhase;
			buildActionMask = 2147483647;
			files = (
				5AFCB5DC2B77E55C00BDD95D /* CategoryPickerViewController.swift in Sources */,
				5A9780312B72E55600DEB5E9 /* CurrentLocationViewController.swift in Sources */,
				5A97802D2B72E55600DEB5E9 /* AppDelegate.swift in Sources */,
				5AA72D2B2B79162400EED572 /* Functions.swift in Sources */,
				5A5BBE7F2B7C30CB002A9A69 /* Location+CoreDataProperties.swift in Sources */,
				5A9780372B72E55600DEB5E9 /* MyLocations.xcdatamodeld in Sources */,
				5A97802F2B72E55600DEB5E9 /* SceneDelegate.swift in Sources */,
				5A5BBE7E2B7C30CB002A9A69 /* Location+CoreDataClass.swift in Sources */,
				5AA72D292B7905F900EED572 /* HudView.swift in Sources */,
				5AFCB5DA2B77C99400BDD95D /* LocationDetailsViewController.swift in Sources */,
			);
			runOnlyForDeploymentPostprocessing = 0;
		};
/* End PBXSourcesBuildPhase section */

/* Begin PBXVariantGroup section */
		5A9780322B72E55600DEB5E9 /* Main.storyboard */ = {
			isa = PBXVariantGroup;
			children = (
				5A9780332B72E55600DEB5E9 /* Base */,
			);
			name = Main.storyboard;
			sourceTree = "<group>";
		};
		5A97803A2B72E55800DEB5E9 /* LaunchScreen.storyboard */ = {
			isa = PBXVariantGroup;
			children = (
				5A97803B2B72E55800DEB5E9 /* Base */,
			);
			name = LaunchScreen.storyboard;
			sourceTree = "<group>";
		};
/* End PBXVariantGroup section */

/* Begin XCBuildConfiguration section */
		5A97803E2B72E55800DEB5E9 /* Debug */ = {
			isa = XCBuildConfiguration;
			buildSettings = {
				ALWAYS_SEARCH_USER_PATHS = NO;
				ASSETCATALOG_COMPILER_GENERATE_SWIFT_ASSET_SYMBOL_EXTENSIONS = YES;
				CLANG_ANALYZER_NONNULL = YES;
				CLANG_ANALYZER_NUMBER_OBJECT_CONVERSION = YES_AGGRESSIVE;
				CLANG_CXX_LANGUAGE_STANDARD = "gnu++20";
				CLANG_ENABLE_MODULES = YES;
				CLANG_ENABLE_OBJC_ARC = YES;
				CLANG_ENABLE_OBJC_WEAK = YES;
				CLANG_WARN_BLOCK_CAPTURE_AUTORELEASING = YES;
				CLANG_WARN_BOOL_CONVERSION = YES;
				CLANG_WARN_COMMA = YES;
				CLANG_WARN_CONSTANT_CONVERSION = YES;
				CLANG_WARN_DEPRECATED_OBJC_IMPLEMENTATIONS = YES;
				CLANG_WARN_DIRECT_OBJC_ISA_USAGE = YES_ERROR;
				CLANG_WARN_DOCUMENTATION_COMMENTS = YES;
				CLANG_WARN_EMPTY_BODY = YES;
				CLANG_WARN_ENUM_CONVERSION = YES;
				CLANG_WARN_INFINITE_RECURSION = YES;
				CLANG_WARN_INT_CONVERSION = YES;
				CLANG_WARN_NON_LITERAL_NULL_CONVERSION = YES;
				CLANG_WARN_OBJC_IMPLICIT_RETAIN_SELF = YES;
				CLANG_WARN_OBJC_LITERAL_CONVERSION = YES;
				CLANG_WARN_OBJC_ROOT_CLASS = YES_ERROR;
				CLANG_WARN_QUOTED_INCLUDE_IN_FRAMEWORK_HEADER = YES;
				CLANG_WARN_RANGE_LOOP_ANALYSIS = YES;
				CLANG_WARN_STRICT_PROTOTYPES = YES;
				CLANG_WARN_SUSPICIOUS_MOVE = YES;
				CLANG_WARN_UNGUARDED_AVAILABILITY = YES_AGGRESSIVE;
				CLANG_WARN_UNREACHABLE_CODE = YES;
				CLANG_WARN__DUPLICATE_METHOD_MATCH = YES;
				COPY_PHASE_STRIP = NO;
				DEBUG_INFORMATION_FORMAT = dwarf;
				ENABLE_STRICT_OBJC_MSGSEND = YES;
				ENABLE_TESTABILITY = YES;
				ENABLE_USER_SCRIPT_SANDBOXING = YES;
				GCC_C_LANGUAGE_STANDARD = gnu17;
				GCC_DYNAMIC_NO_PIC = NO;
				GCC_NO_COMMON_BLOCKS = YES;
				GCC_OPTIMIZATION_LEVEL = 0;
				GCC_PREPROCESSOR_DEFINITIONS = (
					"DEBUG=1",
					"$(inherited)",
				);
				GCC_WARN_64_TO_32_BIT_CONVERSION = YES;
				GCC_WARN_ABOUT_RETURN_TYPE = YES_ERROR;
				GCC_WARN_UNDECLARED_SELECTOR = YES;
				GCC_WARN_UNINITIALIZED_AUTOS = YES_AGGRESSIVE;
				GCC_WARN_UNUSED_FUNCTION = YES;
				GCC_WARN_UNUSED_VARIABLE = YES;
				IPHONEOS_DEPLOYMENT_TARGET = 17.2;
				LOCALIZATION_PREFERS_STRING_CATALOGS = YES;
				MTL_ENABLE_DEBUG_INFO = INCLUDE_SOURCE;
				MTL_FAST_MATH = YES;
				ONLY_ACTIVE_ARCH = YES;
				SDKROOT = iphoneos;
				SWIFT_ACTIVE_COMPILATION_CONDITIONS = "DEBUG $(inherited)";
				SWIFT_OPTIMIZATION_LEVEL = "-Onone";
			};
			name = Debug;
		};
		5A97803F2B72E55800DEB5E9 /* Release */ = {
			isa = XCBuildConfiguration;
			buildSettings = {
				ALWAYS_SEARCH_USER_PATHS = NO;
				ASSETCATALOG_COMPILER_GENERATE_SWIFT_ASSET_SYMBOL_EXTENSIONS = YES;
				CLANG_ANALYZER_NONNULL = YES;
				CLANG_ANALYZER_NUMBER_OBJECT_CONVERSION = YES_AGGRESSIVE;
				CLANG_CXX_LANGUAGE_STANDARD = "gnu++20";
				CLANG_ENABLE_MODULES = YES;
				CLANG_ENABLE_OBJC_ARC = YES;
				CLANG_ENABLE_OBJC_WEAK = YES;
				CLANG_WARN_BLOCK_CAPTURE_AUTORELEASING = YES;
				CLANG_WARN_BOOL_CONVERSION = YES;
				CLANG_WARN_COMMA = YES;
				CLANG_WARN_CONSTANT_CONVERSION = YES;
				CLANG_WARN_DEPRECATED_OBJC_IMPLEMENTATIONS = YES;
				CLANG_WARN_DIRECT_OBJC_ISA_USAGE = YES_ERROR;
				CLANG_WARN_DOCUMENTATION_COMMENTS = YES;
				CLANG_WARN_EMPTY_BODY = YES;
				CLANG_WARN_ENUM_CONVERSION = YES;
				CLANG_WARN_INFINITE_RECURSION = YES;
				CLANG_WARN_INT_CONVERSION = YES;
				CLANG_WARN_NON_LITERAL_NULL_CONVERSION = YES;
				CLANG_WARN_OBJC_IMPLICIT_RETAIN_SELF = YES;
				CLANG_WARN_OBJC_LITERAL_CONVERSION = YES;
				CLANG_WARN_OBJC_ROOT_CLASS = YES_ERROR;
				CLANG_WARN_QUOTED_INCLUDE_IN_FRAMEWORK_HEADER = YES;
				CLANG_WARN_RANGE_LOOP_ANALYSIS = YES;
				CLANG_WARN_STRICT_PROTOTYPES = YES;
				CLANG_WARN_SUSPICIOUS_MOVE = YES;
				CLANG_WARN_UNGUARDED_AVAILABILITY = YES_AGGRESSIVE;
				CLANG_WARN_UNREACHABLE_CODE = YES;
				CLANG_WARN__DUPLICATE_METHOD_MATCH = YES;
				COPY_PHASE_STRIP = NO;
				DEBUG_INFORMATION_FORMAT = "dwarf-with-dsym";
				ENABLE_NS_ASSERTIONS = NO;
				ENABLE_STRICT_OBJC_MSGSEND = YES;
				ENABLE_USER_SCRIPT_SANDBOXING = YES;
				GCC_C_LANGUAGE_STANDARD = gnu17;
				GCC_NO_COMMON_BLOCKS = YES;
				GCC_WARN_64_TO_32_BIT_CONVERSION = YES;
				GCC_WARN_ABOUT_RETURN_TYPE = YES_ERROR;
				GCC_WARN_UNDECLARED_SELECTOR = YES;
				GCC_WARN_UNINITIALIZED_AUTOS = YES_AGGRESSIVE;
				GCC_WARN_UNUSED_FUNCTION = YES;
				GCC_WARN_UNUSED_VARIABLE = YES;
				IPHONEOS_DEPLOYMENT_TARGET = 17.2;
				LOCALIZATION_PREFERS_STRING_CATALOGS = YES;
				MTL_ENABLE_DEBUG_INFO = NO;
				MTL_FAST_MATH = YES;
				SDKROOT = iphoneos;
				SWIFT_COMPILATION_MODE = wholemodule;
				VALIDATE_PRODUCT = YES;
			};
			name = Release;
		};
		5A9780412B72E55800DEB5E9 /* Debug */ = {
			isa = XCBuildConfiguration;
			buildSettings = {
				ASSETCATALOG_COMPILER_APPICON_NAME = AppIcon;
				ASSETCATALOG_COMPILER_GLOBAL_ACCENT_COLOR_NAME = AccentColor;
				CODE_SIGN_STYLE = Automatic;
				CURRENT_PROJECT_VERSION = 1;
				DEVELOPMENT_TEAM = 69NRJ2XU59;
				GENERATE_INFOPLIST_FILE = YES;
				INFOPLIST_FILE = MyLocations/Info.plist;
				INFOPLIST_KEY_LSApplicationCategoryType = "";
				INFOPLIST_KEY_NSLocationWhenInUseUsageDescription = "This app lets you keep track of interesting places. It needs access to the GPS coordinates for your location.";
				INFOPLIST_KEY_UIApplicationSupportsIndirectInputEvents = YES;
				INFOPLIST_KEY_UILaunchStoryboardName = LaunchScreen;
				INFOPLIST_KEY_UIMainStoryboardFile = Main;
				INFOPLIST_KEY_UIRequiredDeviceCapabilities = "location-services";
				INFOPLIST_KEY_UISupportedInterfaceOrientations = "UIInterfaceOrientationPortrait UIInterfaceOrientationPortraitUpsideDown";
				INFOPLIST_KEY_UISupportedInterfaceOrientations_iPad = "UIInterfaceOrientationLandscapeLeft UIInterfaceOrientationLandscapeRight UIInterfaceOrientationPortrait UIInterfaceOrientationPortraitUpsideDown";
				LD_RUNPATH_SEARCH_PATHS = (
					"$(inherited)",
					"@executable_path/Frameworks",
				);
				MARKETING_VERSION = 1.0;
				PRODUCT_BUNDLE_IDENTIFIER = com.smitristin.MyLocations;
				PRODUCT_NAME = "$(TARGET_NAME)";
				SWIFT_EMIT_LOC_STRINGS = YES;
				SWIFT_VERSION = 5.0;
				TARGETED_DEVICE_FAMILY = "1,2";
			};
			name = Debug;
		};
		5A9780422B72E55800DEB5E9 /* Release */ = {
			isa = XCBuildConfiguration;
			buildSettings = {
				ASSETCATALOG_COMPILER_APPICON_NAME = AppIcon;
				ASSETCATALOG_COMPILER_GLOBAL_ACCENT_COLOR_NAME = AccentColor;
				CODE_SIGN_STYLE = Automatic;
				CURRENT_PROJECT_VERSION = 1;
				DEVELOPMENT_TEAM = 69NRJ2XU59;
				GENERATE_INFOPLIST_FILE = YES;
				INFOPLIST_FILE = MyLocations/Info.plist;
				INFOPLIST_KEY_LSApplicationCategoryType = "";
				INFOPLIST_KEY_NSLocationWhenInUseUsageDescription = "This app lets you keep track of interesting places. It needs access to the GPS coordinates for your location.";
				INFOPLIST_KEY_UIApplicationSupportsIndirectInputEvents = YES;
				INFOPLIST_KEY_UILaunchStoryboardName = LaunchScreen;
				INFOPLIST_KEY_UIMainStoryboardFile = Main;
				INFOPLIST_KEY_UIRequiredDeviceCapabilities = "location-services";
				INFOPLIST_KEY_UISupportedInterfaceOrientations = "UIInterfaceOrientationPortrait UIInterfaceOrientationPortraitUpsideDown";
				INFOPLIST_KEY_UISupportedInterfaceOrientations_iPad = "UIInterfaceOrientationLandscapeLeft UIInterfaceOrientationLandscapeRight UIInterfaceOrientationPortrait UIInterfaceOrientationPortraitUpsideDown";
				LD_RUNPATH_SEARCH_PATHS = (
					"$(inherited)",
					"@executable_path/Frameworks",
				);
				MARKETING_VERSION = 1.0;
				PRODUCT_BUNDLE_IDENTIFIER = com.smitristin.MyLocations;
				PRODUCT_NAME = "$(TARGET_NAME)";
				SWIFT_EMIT_LOC_STRINGS = YES;
				SWIFT_VERSION = 5.0;
				TARGETED_DEVICE_FAMILY = "1,2";
			};
			name = Release;
		};
/* End XCBuildConfiguration section */

/* Begin XCConfigurationList section */
		5A9780242B72E55600DEB5E9 /* Build configuration list for PBXProject "MyLocations" */ = {
			isa = XCConfigurationList;
			buildConfigurations = (
				5A97803E2B72E55800DEB5E9 /* Debug */,
				5A97803F2B72E55800DEB5E9 /* Release */,
			);
			defaultConfigurationIsVisible = 0;
			defaultConfigurationName = Release;
		};
		5A9780402B72E55800DEB5E9 /* Build configuration list for PBXNativeTarget "MyLocations" */ = {
			isa = XCConfigurationList;
			buildConfigurations = (
				5A9780412B72E55800DEB5E9 /* Debug */,
				5A9780422B72E55800DEB5E9 /* Release */,
			);
			defaultConfigurationIsVisible = 0;
			defaultConfigurationName = Release;
		};
/* End XCConfigurationList section */

/* Begin XCVersionGroup section */
		5A9780352B72E55600DEB5E9 /* MyLocations.xcdatamodeld */ = {
			isa = XCVersionGroup;
			children = (
				5A9780362B72E55600DEB5E9 /* MyLocations.xcdatamodel */,
			);
			currentVersion = 5A9780362B72E55600DEB5E9 /* MyLocations.xcdatamodel */;
			path = MyLocations.xcdatamodeld;
			sourceTree = "<group>";
			versionGroupType = wrapper.xcdatamodel;
		};
/* End XCVersionGroup section */
	};
	rootObject = 5A9780212B72E55600DEB5E9 /* Project object */;
}
